// !$*UTF8*$!
{
	archiveVersion = 1;
	classes = {
	};
	objectVersion = 50;
	objects = {

/* Begin PBXBuildFile section */
		37CDB3C324B20375000C9910 /* AppDelegate.swift in Sources */ = {isa = PBXBuildFile; fileRef = 37CDB3C224B20375000C9910 /* AppDelegate.swift */; };
		37CDB3C524B20375000C9910 /* SceneDelegate.swift in Sources */ = {isa = PBXBuildFile; fileRef = 37CDB3C424B20375000C9910 /* SceneDelegate.swift */; };
		37CDB3C724B20375000C9910 /* ViewController.swift in Sources */ = {isa = PBXBuildFile; fileRef = 37CDB3C624B20375000C9910 /* ViewController.swift */; };
		37CDB3CA24B20375000C9910 /* Main.storyboard in Resources */ = {isa = PBXBuildFile; fileRef = 37CDB3C824B20375000C9910 /* Main.storyboard */; };
		37CDB3CC24B20375000C9910 /* Assets.xcassets in Resources */ = {isa = PBXBuildFile; fileRef = 37CDB3CB24B20375000C9910 /* Assets.xcassets */; };
		37CDB3CF24B20375000C9910 /* LaunchScreen.storyboard in Resources */ = {isa = PBXBuildFile; fileRef = 37CDB3CD24B20375000C9910 /* LaunchScreen.storyboard */; };
		37CDB3DA24B20376000C9910 /* TimerProjectTests.swift in Sources */ = {isa = PBXBuildFile; fileRef = 37CDB3D924B20376000C9910 /* TimerProjectTests.swift */; };
		37CDB3E524B20376000C9910 /* TimerProjectUITests.swift in Sources */ = {isa = PBXBuildFile; fileRef = 37CDB3E424B20376000C9910 /* TimerProjectUITests.swift */; };
/* End PBXBuildFile section */

/* Begin PBXContainerItemProxy section */
		37CDB3D624B20375000C9910 /* PBXContainerItemProxy */ = {
			isa = PBXContainerItemProxy;
			containerPortal = 37CDB3B724B20375000C9910 /* Project object */;
			proxyType = 1;
			remoteGlobalIDString = 37CDB3BE24B20375000C9910;
			remoteInfo = TimerProject;
		};
		37CDB3E124B20376000C9910 /* PBXContainerItemProxy */ = {
			isa = PBXContainerItemProxy;
			containerPortal = 37CDB3B724B20375000C9910 /* Project object */;
			proxyType = 1;
			remoteGlobalIDString = 37CDB3BE24B20375000C9910;
			remoteInfo = TimerProject;
		};
/* End PBXContainerItemProxy section */

/* Begin PBXFileReference section */
		37CDB3BF24B20375000C9910 /* TimerProject.app */ = {isa = PBXFileReference; explicitFileType = wrapper.application; includeInIndex = 0; path = TimerProject.app; sourceTree = BUILT_PRODUCTS_DIR; };
		37CDB3C224B20375000C9910 /* AppDelegate.swift */ = {isa = PBXFileReference; lastKnownFileType = sourcecode.swift; path = AppDelegate.swift; sourceTree = "<group>"; };
		37CDB3C424B20375000C9910 /* SceneDelegate.swift */ = {isa = PBXFileReference; lastKnownFileType = sourcecode.swift; path = SceneDelegate.swift; sourceTree = "<group>"; };
		37CDB3C624B20375000C9910 /* ViewController.swift */ = {isa = PBXFileReference; lastKnownFileType = sourcecode.swift; path = ViewController.swift; sourceTree = "<group>"; };
		37CDB3C924B20375000C9910 /* Base */ = {isa = PBXFileReference; lastKnownFileType = file.storyboard; name = Base; path = Base.lproj/Main.storyboard; sourceTree = "<group>"; };
		37CDB3CB24B20375000C9910 /* Assets.xcassets */ = {isa = PBXFileReference; lastKnownFileType = folder.assetcatalog; path = Assets.xcassets; sourceTree = "<group>"; };
		37CDB3CE24B20375000C9910 /* Base */ = {isa = PBXFileReference; lastKnownFileType = file.storyboard; name = Base; path = Base.lproj/LaunchScreen.storyboard; sourceTree = "<group>"; };
		37CDB3D024B20375000C9910 /* Info.plist */ = {isa = PBXFileReference; lastKnownFileType = text.plist.xml; path = Info.plist; sourceTree = "<group>"; };
		37CDB3D524B20375000C9910 /* TimerProjectTests.xctest */ = {isa = PBXFileReference; explicitFileType = wrapper.cfbundle; includeInIndex = 0; path = TimerProjectTests.xctest; sourceTree = BUILT_PRODUCTS_DIR; };
		37CDB3D924B20376000C9910 /* TimerProjectTests.swift */ = {isa = PBXFileReference; lastKnownFileType = sourcecode.swift; path = TimerProjectTests.swift; sourceTree = "<group>"; };
		37CDB3DB24B20376000C9910 /* Info.plist */ = {isa = PBXFileReference; lastKnownFileType = text.plist.xml; path = Info.plist; sourceTree = "<group>"; };
		37CDB3E024B20376000C9910 /* TimerProjectUITests.xctest */ = {isa = PBXFileReference; explicitFileType = wrapper.cfbundle; includeInIndex = 0; path = TimerProjectUITests.xctest; sourceTree = BUILT_PRODUCTS_DIR; };
		37CDB3E424B20376000C9910 /* TimerProjectUITests.swift */ = {isa = PBXFileReference; lastKnownFileType = sourcecode.swift; path = TimerProjectUITests.swift; sourceTree = "<group>"; };
		37CDB3E624B20376000C9910 /* Info.plist */ = {isa = PBXFileReference; lastKnownFileType = text.plist.xml; path = Info.plist; sourceTree = "<group>"; };
/* End PBXFileReference section */

/* Begin PBXFrameworksBuildPhase section */
		37CDB3BC24B20375000C9910 /* Frameworks */ = {
			isa = PBXFrameworksBuildPhase;
			buildActionMask = 2147483647;
			files = (
			);
			runOnlyForDeploymentPostprocessing = 0;
		};
		37CDB3D224B20375000C9910 /* Frameworks */ = {
			isa = PBXFrameworksBuildPhase;
			buildActionMask = 2147483647;
			files = (
			);
			runOnlyForDeploymentPostprocessing = 0;
		};
		37CDB3DD24B20376000C9910 /* Frameworks */ = {
			isa = PBXFrameworksBuildPhase;
			buildActionMask = 2147483647;
			files = (
			);
			runOnlyForDeploymentPostprocessing = 0;
		};
/* End PBXFrameworksBuildPhase section */

/* Begin PBXGroup section */
		37CDB3B624B20375000C9910 = {
			isa = PBXGroup;
			children = (
				37CDB3C124B20375000C9910 /* TimerProject */,
				37CDB3D824B20375000C9910 /* TimerProjectTests */,
				37CDB3E324B20376000C9910 /* TimerProjectUITests */,
				37CDB3C024B20375000C9910 /* Products */,
			);
			sourceTree = "<group>";
		};
		37CDB3C024B20375000C9910 /* Products */ = {
			isa = PBXGroup;
			children = (
				37CDB3BF24B20375000C9910 /* TimerProject.app */,
				37CDB3D524B20375000C9910 /* TimerProjectTests.xctest */,
				37CDB3E024B20376000C9910 /* TimerProjectUITests.xctest */,
			);
			name = Products;
			sourceTree = "<group>";
		};
		37CDB3C124B20375000C9910 /* TimerProject */ = {
			isa = PBXGroup;
			children = (
				37CDB3C224B20375000C9910 /* AppDelegate.swift */,
				37CDB3C424B20375000C9910 /* SceneDelegate.swift */,
				37CDB3C624B20375000C9910 /* ViewController.swift */,
				37CDB3C824B20375000C9910 /* Main.storyboard */,
				37CDB3CB24B20375000C9910 /* Assets.xcassets */,
				37CDB3CD24B20375000C9910 /* LaunchScreen.storyboard */,
				37CDB3D024B20375000C9910 /* Info.plist */,
			);
			path = TimerProject;
			sourceTree = "<group>";
		};
		37CDB3D824B20375000C9910 /* TimerProjectTests */ = {
			isa = PBXGroup;
			children = (
				37CDB3D924B20376000C9910 /* TimerProjectTests.swift */,
				37CDB3DB24B20376000C9910 /* Info.plist */,
			);
			path = TimerProjectTests;
			sourceTree = "<group>";
		};
		37CDB3E324B20376000C9910 /* TimerProjectUITests */ = {
			isa = PBXGroup;
			children = (
				37CDB3E424B20376000C9910 /* TimerProjectUITests.swift */,
				37CDB3E624B20376000C9910 /* Info.plist */,
			);
			path = TimerProjectUITests;
			sourceTree = "<group>";
		};
/* End PBXGroup section */

/* Begin PBXNativeTarget section */
		37CDB3BE24B20375000C9910 /* TimerProject */ = {
			isa = PBXNativeTarget;
			buildConfigurationList = 37CDB3E924B20376000C9910 /* Build configuration list for PBXNativeTarget "TimerProject" */;
			buildPhases = (
				37CDB3BB24B20375000C9910 /* Sources */,
				37CDB3BC24B20375000C9910 /* Frameworks */,
				37CDB3BD24B20375000C9910 /* Resources */,
			);
			buildRules = (
			);
			dependencies = (
			);
			name = TimerProject;
			productName = TimerProject;
			productReference = 37CDB3BF24B20375000C9910 /* TimerProject.app */;
			productType = "com.apple.product-type.application";
		};
		37CDB3D424B20375000C9910 /* TimerProjectTests */ = {
			isa = PBXNativeTarget;
			buildConfigurationList = 37CDB3EC24B20376000C9910 /* Build configuration list for PBXNativeTarget "TimerProjectTests" */;
			buildPhases = (
				37CDB3D124B20375000C9910 /* Sources */,
				37CDB3D224B20375000C9910 /* Frameworks */,
				37CDB3D324B20375000C9910 /* Resources */,
			);
			buildRules = (
			);
			dependencies = (
				37CDB3D724B20375000C9910 /* PBXTargetDependency */,
			);
			name = TimerProjectTests;
			productName = TimerProjectTests;
			productReference = 37CDB3D524B20375000C9910 /* TimerProjectTests.xctest */;
			productType = "com.apple.product-type.bundle.unit-test";
		};
		37CDB3DF24B20376000C9910 /* TimerProjectUITests */ = {
			isa = PBXNativeTarget;
			buildConfigurationList = 37CDB3EF24B20376000C9910 /* Build configuration list for PBXNativeTarget "TimerProjectUITests" */;
			buildPhases = (
				37CDB3DC24B20376000C9910 /* Sources */,
				37CDB3DD24B20376000C9910 /* Frameworks */,
				37CDB3DE24B20376000C9910 /* Resources */,
			);
			buildRules = (
			);
			dependencies = (
				37CDB3E224B20376000C9910 /* PBXTargetDependency */,
			);
			name = TimerProjectUITests;
			productName = TimerProjectUITests;
			productReference = 37CDB3E024B20376000C9910 /* TimerProjectUITests.xctest */;
			productType = "com.apple.product-type.bundle.ui-testing";
		};
/* End PBXNativeTarget section */

/* Begin PBXProject section */
		37CDB3B724B20375000C9910 /* Project object */ = {
			isa = PBXProject;
			attributes = {
				LastSwiftUpdateCheck = 1200;
				LastUpgradeCheck = 1200;
				TargetAttributes = {
					37CDB3BE24B20375000C9910 = {
						CreatedOnToolsVersion = 12.0;
					};
					37CDB3D424B20375000C9910 = {
						CreatedOnToolsVersion = 12.0;
						TestTargetID = 37CDB3BE24B20375000C9910;
					};
					37CDB3DF24B20376000C9910 = {
						CreatedOnToolsVersion = 12.0;
						TestTargetID = 37CDB3BE24B20375000C9910;
					};
				};
			};
			buildConfigurationList = 37CDB3BA24B20375000C9910 /* Build configuration list for PBXProject "TimerProject" */;
			compatibilityVersion = "Xcode 9.3";
			developmentRegion = en;
			hasScannedForEncodings = 0;
			knownRegions = (
				en,
				Base,
			);
			mainGroup = 37CDB3B624B20375000C9910;
			productRefGroup = 37CDB3C024B20375000C9910 /* Products */;
			projectDirPath = "";
			projectRoot = "";
			targets = (
				37CDB3BE24B20375000C9910 /* TimerProject */,
				37CDB3D424B20375000C9910 /* TimerProjectTests */,
				37CDB3DF24B20376000C9910 /* TimerProjectUITests */,
			);
		};
/* End PBXProject section */

/* Begin PBXResourcesBuildPhase section */
		37CDB3BD24B20375000C9910 /* Resources */ = {
			isa = PBXResourcesBuildPhase;
			buildActionMask = 2147483647;
			files = (
				37CDB3CF24B20375000C9910 /* LaunchScreen.storyboard in Resources */,
				37CDB3CC24B20375000C9910 /* Assets.xcassets in Resources */,
				37CDB3CA24B20375000C9910 /* Main.storyboard in Resources */,
			);
			runOnlyForDeploymentPostprocessing = 0;
		};
		37CDB3D324B20375000C9910 /* Resources */ = {
			isa = PBXResourcesBuildPhase;
			buildActionMask = 2147483647;
			files = (
			);
			runOnlyForDeploymentPostprocessing = 0;
		};
		37CDB3DE24B20376000C9910 /* Resources */ = {
			isa = PBXResourcesBuildPhase;
			buildActionMask = 2147483647;
			files = (
			);
			runOnlyForDeploymentPostprocessing = 0;
		};
/* End PBXResourcesBuildPhase section */

/* Begin PBXSourcesBuildPhase section */
		37CDB3BB24B20375000C9910 /* Sources */ = {
			isa = PBXSourcesBuildPhase;
			buildActionMask = 2147483647;
			files = (
				37CDB3C724B20375000C9910 /* ViewController.swift in Sources */,
				37CDB3C324B20375000C9910 /* AppDelegate.swift in Sources */,
				37CDB3C524B20375000C9910 /* SceneDelegate.swift in Sources */,
			);
			runOnlyForDeploymentPostprocessing = 0;
		};
		37CDB3D124B20375000C9910 /* Sources */ = {
			isa = PBXSourcesBuildPhase;
			buildActionMask = 2147483647;
			files = (
				37CDB3DA24B20376000C9910 /* TimerProjectTests.swift in Sources */,
			);
			runOnlyForDeploymentPostprocessing = 0;
		};
		37CDB3DC24B20376000C9910 /* Sources */ = {
			isa = PBXSourcesBuildPhase;
			buildActionMask = 2147483647;
			files = (
				37CDB3E524B20376000C9910 /* TimerProjectUITests.swift in Sources */,
			);
			runOnlyForDeploymentPostprocessing = 0;
		};
/* End PBXSourcesBuildPhase section */

/* Begin PBXTargetDependency section */
		37CDB3D724B20375000C9910 /* PBXTargetDependency */ = {
			isa = PBXTargetDependency;
			target = 37CDB3BE24B20375000C9910 /* TimerProject */;
			targetProxy = 37CDB3D624B20375000C9910 /* PBXContainerItemProxy */;
		};
		37CDB3E224B20376000C9910 /* PBXTargetDependency */ = {
			isa = PBXTargetDependency;
			target = 37CDB3BE24B20375000C9910 /* TimerProject */;
			targetProxy = 37CDB3E124B20376000C9910 /* PBXContainerItemProxy */;
		};
/* End PBXTargetDependency section */

/* Begin PBXVariantGroup section */
		37CDB3C824B20375000C9910 /* Main.storyboard */ = {
			isa = PBXVariantGroup;
			children = (
				37CDB3C924B20375000C9910 /* Base */,
			);
			name = Main.storyboard;
			sourceTree = "<group>";
		};
		37CDB3CD24B20375000C9910 /* LaunchScreen.storyboard */ = {
			isa = PBXVariantGroup;
			children = (
				37CDB3CE24B20375000C9910 /* Base */,
			);
			name = LaunchScreen.storyboard;
			sourceTree = "<group>";
		};
/* End PBXVariantGroup section */

/* Begin XCBuildConfiguration section */
		37CDB3E724B20376000C9910 /* Debug */ = {
			isa = XCBuildConfiguration;
			buildSettings = {
				ALWAYS_SEARCH_USER_PATHS = NO;
				CLANG_ANALYZER_NONNULL = YES;
				CLANG_ANALYZER_NUMBER_OBJECT_CONVERSION = YES_AGGRESSIVE;
				CLANG_CXX_LANGUAGE_STANDARD = "gnu++14";
				CLANG_CXX_LIBRARY = "libc++";
				CLANG_ENABLE_MODULES = YES;
				CLANG_ENABLE_OBJC_ARC = YES;
				CLANG_ENABLE_OBJC_WEAK = YES;
				CLANG_WARN_BLOCK_CAPTURE_AUTORELEASING = YES;
				CLANG_WARN_BOOL_CONVERSION = YES;
				CLANG_WARN_COMMA = YES;
				CLANG_WARN_CONSTANT_CONVERSION = YES;
				CLANG_WARN_DEPRECATED_OBJC_IMPLEMENTATIONS = YES;
				CLANG_WARN_DIRECT_OBJC_ISA_USAGE = YES_ERROR;
				CLANG_WARN_DOCUMENTATION_COMMENTS = YES;
				CLANG_WARN_EMPTY_BODY = YES;
				CLANG_WARN_ENUM_CONVERSION = YES;
				CLANG_WARN_INFINITE_RECURSION = YES;
				CLANG_WARN_INT_CONVERSION = YES;
				CLANG_WARN_NON_LITERAL_NULL_CONVERSION = YES;
				CLANG_WARN_OBJC_IMPLICIT_RETAIN_SELF = YES;
				CLANG_WARN_OBJC_LITERAL_CONVERSION = YES;
				CLANG_WARN_OBJC_ROOT_CLASS = YES_ERROR;
				CLANG_WARN_QUOTED_INCLUDE_IN_FRAMEWORK_HEADER = YES;
				CLANG_WARN_RANGE_LOOP_ANALYSIS = YES;
				CLANG_WARN_STRICT_PROTOTYPES = YES;
				CLANG_WARN_SUSPICIOUS_MOVE = YES;
				CLANG_WARN_UNGUARDED_AVAILABILITY = YES_AGGRESSIVE;
				CLANG_WARN_UNREACHABLE_CODE = YES;
				CLANG_WARN__DUPLICATE_METHOD_MATCH = YES;
				COPY_PHASE_STRIP = NO;
				DEBUG_INFORMATION_FORMAT = dwarf;
				ENABLE_STRICT_OBJC_MSGSEND = YES;
				ENABLE_TESTABILITY = YES;
				GCC_C_LANGUAGE_STANDARD = gnu11;
				GCC_DYNAMIC_NO_PIC = NO;
				GCC_NO_COMMON_BLOCKS = YES;
				GCC_OPTIMIZATION_LEVEL = 0;
				GCC_PREPROCESSOR_DEFINITIONS = (
					"DEBUG=1",
					"$(inherited)",
				);
				GCC_WARN_64_TO_32_BIT_CONVERSION = YES;
				GCC_WARN_ABOUT_RETURN_TYPE = YES_ERROR;
				GCC_WARN_UNDECLARED_SELECTOR = YES;
				GCC_WARN_UNINITIALIZED_AUTOS = YES_AGGRESSIVE;
				GCC_WARN_UNUSED_FUNCTION = YES;
				GCC_WARN_UNUSED_VARIABLE = YES;
				IPHONEOS_DEPLOYMENT_TARGET = 14.0;
				MTL_ENABLE_DEBUG_INFO = INCLUDE_SOURCE;
				MTL_FAST_MATH = YES;
				ONLY_ACTIVE_ARCH = YES;
				SDKROOT = iphoneos;
				SWIFT_ACTIVE_COMPILATION_CONDITIONS = DEBUG;
				SWIFT_OPTIMIZATION_LEVEL = "-Onone";
			};
			name = Debug;
		};
		37CDB3E824B20376000C9910 /* Release */ = {
			isa = XCBuildConfiguration;
			buildSettings = {
				ALWAYS_SEARCH_USER_PATHS = NO;
				CLANG_ANALYZER_NONNULL = YES;
				CLANG_ANALYZER_NUMBER_OBJECT_CONVERSION = YES_AGGRESSIVE;
				CLANG_CXX_LANGUAGE_STANDARD = "gnu++14";
				CLANG_CXX_LIBRARY = "libc++";
				CLANG_ENABLE_MODULES = YES;
				CLANG_ENABLE_OBJC_ARC = YES;
				CLANG_ENABLE_OBJC_WEAK = YES;
				CLANG_WARN_BLOCK_CAPTURE_AUTORELEASING = YES;
				CLANG_WARN_BOOL_CONVERSION = YES;
				CLANG_WARN_COMMA = YES;
				CLANG_WARN_CONSTANT_CONVERSION = YES;
				CLANG_WARN_DEPRECATED_OBJC_IMPLEMENTATIONS = YES;
				CLANG_WARN_DIRECT_OBJC_ISA_USAGE = YES_ERROR;
				CLANG_WARN_DOCUMENTATION_COMMENTS = YES;
				CLANG_WARN_EMPTY_BODY = YES;
				CLANG_WARN_ENUM_CONVERSION = YES;
				CLANG_WARN_INFINITE_RECURSION = YES;
				CLANG_WARN_INT_CONVERSION = YES;
				CLANG_WARN_NON_LITERAL_NULL_CONVERSION = YES;
				CLANG_WARN_OBJC_IMPLICIT_RETAIN_SELF = YES;
				CLANG_WARN_OBJC_LITERAL_CONVERSION = YES;
				CLANG_WARN_OBJC_ROOT_CLASS = YES_ERROR;
				CLANG_WARN_QUOTED_INCLUDE_IN_FRAMEWORK_HEADER = YES;
				CLANG_WARN_RANGE_LOOP_ANALYSIS = YES;
				CLANG_WARN_STRICT_PROTOTYPES = YES;
				CLANG_WARN_SUSPICIOUS_MOVE = YES;
				CLANG_WARN_UNGUARDED_AVAILABILITY = YES_AGGRESSIVE;
				CLANG_WARN_UNREACHABLE_CODE = YES;
				CLANG_WARN__DUPLICATE_METHOD_MATCH = YES;
				COPY_PHASE_STRIP = NO;
				DEBUG_INFORMATION_FORMAT = "dwarf-with-dsym";
				ENABLE_NS_ASSERTIONS = NO;
				ENABLE_STRICT_OBJC_MSGSEND = YES;
				GCC_C_LANGUAGE_STANDARD = gnu11;
				GCC_NO_COMMON_BLOCKS = YES;
				GCC_WARN_64_TO_32_BIT_CONVERSION = YES;
				GCC_WARN_ABOUT_RETURN_TYPE = YES_ERROR;
				GCC_WARN_UNDECLARED_SELECTOR = YES;
				GCC_WARN_UNINITIALIZED_AUTOS = YES_AGGRESSIVE;
				GCC_WARN_UNUSED_FUNCTION = YES;
				GCC_WARN_UNUSED_VARIABLE = YES;
				IPHONEOS_DEPLOYMENT_TARGET = 14.0;
				MTL_ENABLE_DEBUG_INFO = NO;
				MTL_FAST_MATH = YES;
				SDKROOT = iphoneos;
				SWIFT_COMPILATION_MODE = wholemodule;
				SWIFT_OPTIMIZATION_LEVEL = "-O";
				VALIDATE_PRODUCT = YES;
			};
			name = Release;
		};
		37CDB3EA24B20376000C9910 /* Debug */ = {
			isa = XCBuildConfiguration;
			buildSettings = {
				ASSETCATALOG_COMPILER_APPICON_NAME = AppIcon;
				ASSETCATALOG_COMPILER_GLOBAL_ACCENT_COLOR_NAME = AccentColor;
				CODE_SIGN_STYLE = Automatic;
				DEVELOPMENT_TEAM = M63MTMH786;
				INFOPLIST_FILE = TimerProject/Info.plist;
				LD_RUNPATH_SEARCH_PATHS = (
					"$(inherited)",
					"@executable_path/Frameworks",
				);
				PRODUCT_BUNDLE_IDENTIFIER = "AAJM-van-Montfort.TimerProject";
				PRODUCT_NAME = "$(TARGET_NAME)";
				SWIFT_VERSION = 5.0;
				TARGETED_DEVICE_FAMILY = "1,2";
			};
			name = Debug;
		};
		37CDB3EB24B20376000C9910 /* Release */ = {
			isa = XCBuildConfiguration;
			buildSettings = {
				ASSETCATALOG_COMPILER_APPICON_NAME = AppIcon;
				ASSETCATALOG_COMPILER_GLOBAL_ACCENT_COLOR_NAME = AccentColor;
				CODE_SIGN_STYLE = Automatic;
				DEVELOPMENT_TEAM = M63MTMH786;
				INFOPLIST_FILE = TimerProject/Info.plist;
				LD_RUNPATH_SEARCH_PATHS = (
					"$(inherited)",
					"@executable_path/Frameworks",
				);
				PRODUCT_BUNDLE_IDENTIFIER = "AAJM-van-Montfort.TimerProject";
				PRODUCT_NAME = "$(TARGET_NAME)";
				SWIFT_VERSION = 5.0;
				TARGETED_DEVICE_FAMILY = "1,2";
			};
			name = Release;
		};
		37CDB3ED24B20376000C9910 /* Debug */ = {
			isa = XCBuildConfiguration;
			buildSettings = {
				ALWAYS_EMBED_SWIFT_STANDARD_LIBRARIES = YES;
				BUNDLE_LOADER = "$(TEST_HOST)";
				CODE_SIGN_STYLE = Automatic;
				DEVELOPMENT_TEAM = M63MTMH786;
				INFOPLIST_FILE = TimerProjectTests/Info.plist;
				IPHONEOS_DEPLOYMENT_TARGET = 14.0;
				LD_RUNPATH_SEARCH_PATHS = (
					"$(inherited)",
					"@executable_path/Frameworks",
					"@loader_path/Frameworks",
				);
				PRODUCT_BUNDLE_IDENTIFIER = "AAJM-van-Montfort.TimerProjectTests";
				PRODUCT_NAME = "$(TARGET_NAME)";
				SWIFT_VERSION = 5.0;
				TARGETED_DEVICE_FAMILY = "1,2";
				TEST_HOST = "$(BUILT_PRODUCTS_DIR)/TimerProject.app/TimerProject";
			};
			name = Debug;
		};
		37CDB3EE24B20376000C9910 /* Release */ = {
			isa = XCBuildConfiguration;
			buildSettings = {
				ALWAYS_EMBED_SWIFT_STANDARD_LIBRARIES = YES;
				BUNDLE_LOADER = "$(TEST_HOST)";
				CODE_SIGN_STYLE = Automatic;
				DEVELOPMENT_TEAM = M63MTMH786;
				INFOPLIST_FILE = TimerProjectTests/Info.plist;
				IPHONEOS_DEPLOYMENT_TARGET = 14.0;
				LD_RUNPATH_SEARCH_PATHS = (
					"$(inherited)",
					"@executable_path/Frameworks",
					"@loader_path/Frameworks",
				);
				PRODUCT_BUNDLE_IDENTIFIER = "AAJM-van-Montfort.TimerProjectTests";
				PRODUCT_NAME = "$(TARGET_NAME)";
				SWIFT_VERSION = 5.0;
				TARGETED_DEVICE_FAMILY = "1,2";
				TEST_HOST = "$(BUILT_PRODUCTS_DIR)/TimerProject.app/TimerProject";
			};
			name = Release;
		};
		37CDB3F024B20376000C9910 /* Debug */ = {
			isa = XCBuildConfiguration;
			buildSettings = {
				ALWAYS_EMBED_SWIFT_STANDARD_LIBRARIES = YES;
				CODE_SIGN_STYLE = Automatic;
				DEVELOPMENT_TEAM = M63MTMH786;
				INFOPLIST_FILE = TimerProjectUITests/Info.plist;
				LD_RUNPATH_SEARCH_PATHS = (
					"$(inherited)",
					"@executable_path/Frameworks",
					"@loader_path/Frameworks",
				);
				PRODUCT_BUNDLE_IDENTIFIER = "AAJM-van-Montfort.TimerProjectUITests";
				PRODUCT_NAME = "$(TARGET_NAME)";
				SWIFT_VERSION = 5.0;
				TARGETED_DEVICE_FAMILY = "1,2";
				TEST_TARGET_NAME = TimerProject;
			};
			name = Debug;
		};
		37CDB3F124B20376000C9910 /* Release */ = {
			isa = XCBuildConfiguration;
			buildSettings = {
				ALWAYS_EMBED_SWIFT_STANDARD_LIBRARIES = YES;
				CODE_SIGN_STYLE = Automatic;
				DEVELOPMENT_TEAM = M63MTMH786;
				INFOPLIST_FILE = TimerProjectUITests/Info.plist;
				LD_RUNPATH_SEARCH_PATHS = (
					"$(inherited)",
					"@executable_path/Frameworks",
					"@loader_path/Frameworks",
				);
				PRODUCT_BUNDLE_IDENTIFIER = "AAJM-van-Montfort.TimerProjectUITests";
				PRODUCT_NAME = "$(TARGET_NAME)";
				SWIFT_VERSION = 5.0;
				TARGETED_DEVICE_FAMILY = "1,2";
				TEST_TARGET_NAME = TimerProject;
			};
			name = Release;
		};
/* End XCBuildConfiguration section */

/* Begin XCConfigurationList section */
		37CDB3BA24B20375000C9910 /* Build configuration list for PBXProject "TimerProject" */ = {
			isa = XCConfigurationList;
			buildConfigurations = (
				37CDB3E724B20376000C9910 /* Debug */,
				37CDB3E824B20376000C9910 /* Release */,
			);
			defaultConfigurationIsVisible = 0;
			defaultConfigurationName = Release;
		};
		37CDB3E924B20376000C9910 /* Build configuration list for PBXNativeTarget "TimerProject" */ = {
			isa = XCConfigurationList;
			buildConfigurations = (
				37CDB3EA24B20376000C9910 /* Debug */,
				37CDB3EB24B20376000C9910 /* Release */,
			);
			defaultConfigurationIsVisible = 0;
			defaultConfigurationName = Release;
		};
		37CDB3EC24B20376000C9910 /* Build configuration list for PBXNativeTarget "TimerProjectTests" */ = {
			isa = XCConfigurationList;
			buildConfigurations = (
				37CDB3ED24B20376000C9910 /* Debug */,
				37CDB3EE24B20376000C9910 /* Release */,
			);
			defaultConfigurationIsVisible = 0;
			defaultConfigurationName = Release;
		};
		37CDB3EF24B20376000C9910 /* Build configuration list for PBXNativeTarget "TimerProjectUITests" */ = {
			isa = XCConfigurationList;
			buildConfigurations = (
				37CDB3F024B20376000C9910 /* Debug */,
				37CDB3F124B20376000C9910 /* Release */,
			);
			defaultConfigurationIsVisible = 0;
			defaultConfigurationName = Release;
		};
/* End XCConfigurationList section */
	};
	rootObject = 37CDB3B724B20375000C9910 /* Project object */;
}
